Microsoft Visual Studio Solution File, Format Version 12.00
# Visual Studio Version 17
VisualStudioVersion = 17.13.35825.156
MinimumVisualStudioVersion = 10.0.40219.1
Project("{FAE04EC0-301F-11D3-BF4B-00C04F79EFBC}") = "AppHost", "src\AppHost\AppHost.csproj", "{D3738F9A-BF78-49B5-A48D-C5AB537425CA}"
EndProject
Project("{FAE04EC0-301F-11D3-BF4B-00C04F79EFBC}") = "FSTime.Api", "src\FSTime.Api\FSTime.Api.csproj", "{C823BBA5-D072-0CB8-1AF9-53CE1258150A}"
EndProject
Project("{FAE04EC0-301F-11D3-BF4B-00C04F79EFBC}") = "ServiceDefaults", "src\ServiceDefaults\ServiceDefaults.csproj", "{481C7D6D-8723-4016-804E-80A4A0478BF6}"
EndProject
Project("{2150E333-8FDC-42A3-9474-1A3956D46DE8}") = "Aspire", "Aspire", "{02EA681E-C7D8-13C7-8484-4AC65E1B71E8}"
EndProject
Project("{2150E333-8FDC-42A3-9474-1A3956D46DE8}") = "Tests", "Tests", "{AEF797F1-FCC0-4A5F-97CF-56799B70A4DA}"
EndProject
Project("{FAE04EC0-301F-11D3-BF4B-00C04F79EFBC}") = "FSTime.Infrastructure", "src\FSTime.Infrastructure\FSTime.Infrastructure.csproj", "{CA84634E-9C1D-4952-9BDF-D063EDEBC969}"
EndProject
Project("{FAE04EC0-301F-11D3-BF4B-00C04F79EFBC}") = "FSTime.Application", "src\FSTime.Application\FSTime.Application.csproj", "{F49BB2B0-6835-4F67-B1F8-6A0A4812E6DB}"
EndProject
Project("{FAE04EC0-301F-11D3-BF4B-00C04F79EFBC}") = "FSTime.Contracts", "src\FSTime.Contracts\FSTime.Contracts.csproj", "{936F82B1-0538-498D-BA1C-44DB2C0EF8AB}"
EndProject
Project("{FAE04EC0-301F-11D3-BF4B-00C04F79EFBC}") = "FSTime.Domain", "src\FSTime.Domain\FSTime.Domain.csproj", "{84C87794-9EFB-474B-8055-C13E28373C59}"
EndProject
Project("{FAE04EC0-301F-11D3-BF4B-00C04F79EFBC}") = "InfrastructureTests", "InfrastructureTests\InfrastructureTests.csproj", "{45148BE1-7003-461C-B5DB-765D793E8775}"
EndProject
Project("{FAE04EC0-301F-11D3-BF4B-00C04F79EFBC}") = "FSTime.Services.DatabaseMigration", "src\FSTime.Services.DatabaseMigration\FSTime.Services.DatabaseMigration.csproj", "{BF7D9628-2A09-46CD-A180-B34FF53BDBBE}"
EndProject
Global
	GlobalSection(SolutionConfigurationPlatforms) = preSolution
		Debug|Any CPU = Debug|Any CPU
		Release|Any CPU = Release|Any CPU
	EndGlobalSection
	GlobalSection(ProjectConfigurationPlatforms) = postSolution
		{D3738F9A-BF78-49B5-A48D-C5AB537425CA}.Debug|Any CPU.ActiveCfg = Debug|Any CPU
		{D3738F9A-BF78-49B5-A48D-C5AB537425CA}.Debug|Any CPU.Build.0 = Debug|Any CPU
		{D3738F9A-BF78-49B5-A48D-C5AB537425CA}.Release|Any CPU.ActiveCfg = Release|Any CPU
		{D3738F9A-BF78-49B5-A48D-C5AB537425CA}.Release|Any CPU.Build.0 = Release|Any CPU
		{C823BBA5-D072-0CB8-1AF9-53CE1258150A}.Debug|Any CPU.ActiveCfg = Debug|Any CPU
		{C823BBA5-D072-0CB8-1AF9-53CE1258150A}.Debug|Any CPU.Build.0 = Debug|Any CPU
		{C823BBA5-D072-0CB8-1AF9-53CE1258150A}.Release|Any CPU.ActiveCfg = Release|Any CPU
		{C823BBA5-D072-0CB8-1AF9-53CE1258150A}.Release|Any CPU.Build.0 = Release|Any CPU
		{481C7D6D-8723-4016-804E-80A4A0478BF6}.Debug|Any CPU.ActiveCfg = Debug|Any CPU
		{481C7D6D-8723-4016-804E-80A4A0478BF6}.Debug|Any CPU.Build.0 = Debug|Any CPU
		{481C7D6D-8723-4016-804E-80A4A0478BF6}.Release|Any CPU.ActiveCfg = Release|Any CPU
		{481C7D6D-8723-4016-804E-80A4A0478BF6}.Release|Any CPU.Build.0 = Release|Any CPU
		{CA84634E-9C1D-4952-9BDF-D063EDEBC969}.Debug|Any CPU.ActiveCfg = Debug|Any CPU
		{CA84634E-9C1D-4952-9BDF-D063EDEBC969}.Debug|Any CPU.Build.0 = Debug|Any CPU
		{CA84634E-9C1D-4952-9BDF-D063EDEBC969}.Release|Any CPU.ActiveCfg = Release|Any CPU
		{CA84634E-9C1D-4952-9BDF-D063EDEBC969}.Release|Any CPU.Build.0 = Release|Any CPU
		{F49BB2B0-6835-4F67-B1F8-6A0A4812E6DB}.Debug|Any CPU.ActiveCfg = Debug|Any CPU
		{F49BB2B0-6835-4F67-B1F8-6A0A4812E6DB}.Debug|Any CPU.Build.0 = Debug|Any CPU
		{F49BB2B0-6835-4F67-B1F8-6A0A4812E6DB}.Release|Any CPU.ActiveCfg = Release|Any CPU
		{F49BB2B0-6835-4F67-B1F8-6A0A4812E6DB}.Release|Any CPU.Build.0 = Release|Any CPU
		{936F82B1-0538-498D-BA1C-44DB2C0EF8AB}.Debug|Any CPU.ActiveCfg = Debug|Any CPU
		{936F82B1-0538-498D-BA1C-44DB2C0EF8AB}.Debug|Any CPU.Build.0 = Debug|Any CPU
		{936F82B1-0538-498D-BA1C-44DB2C0EF8AB}.Release|Any CPU.ActiveCfg = Release|Any CPU
		{936F82B1-0538-498D-BA1C-44DB2C0EF8AB}.Release|Any CPU.Build.0 = Release|Any CPU
		{84C87794-9EFB-474B-8055-C13E28373C59}.Debug|Any CPU.ActiveCfg = Debug|Any CPU
		{84C87794-9EFB-474B-8055-C13E28373C59}.Debug|Any CPU.Build.0 = Debug|Any CPU
		{84C87794-9EFB-474B-8055-C13E28373C59}.Release|Any CPU.ActiveCfg = Release|Any CPU
		{84C87794-9EFB-474B-8055-C13E28373C59}.Release|Any CPU.Build.0 = Release|Any CPU
		{45148BE1-7003-461C-B5DB-765D793E8775}.Debug|Any CPU.ActiveCfg = Debug|Any CPU
		{45148BE1-7003-461C-B5DB-765D793E8775}.Debug|Any CPU.Build.0 = Debug|Any CPU
		{45148BE1-7003-461C-B5DB-765D793E8775}.Release|Any CPU.ActiveCfg = Release|Any CPU
		{45148BE1-7003-461C-B5DB-765D793E8775}.Release|Any CPU.Build.0 = Release|Any CPU
		{BF7D9628-2A09-46CD-A180-B34FF53BDBBE}.Debug|Any CPU.ActiveCfg = Debug|Any CPU
		{BF7D9628-2A09-46CD-A180-B34FF53BDBBE}.Debug|Any CPU.Build.0 = Debug|Any CPU
		{BF7D9628-2A09-46CD-A180-B34FF53BDBBE}.Release|Any CPU.ActiveCfg = Release|Any CPU
		{BF7D9628-2A09-46CD-A180-B34FF53BDBBE}.Release|Any CPU.Build.0 = Release|Any CPU
	EndGlobalSection
	GlobalSection(SolutionProperties) = preSolution
		HideSolutionNode = FALSE
	EndGlobalSection
	GlobalSection(NestedProjects) = preSolution
		{D3738F9A-BF78-49B5-A48D-C5AB537425CA} = {02EA681E-C7D8-13C7-8484-4AC65E1B71E8}
		{481C7D6D-8723-4016-804E-80A4A0478BF6} = {02EA681E-C7D8-13C7-8484-4AC65E1B71E8}
		{45148BE1-7003-461C-B5DB-765D793E8775} = {AEF797F1-FCC0-4A5F-97CF-56799B70A4DA}
	EndGlobalSection
	GlobalSection(ExtensibilityGlobals) = postSolution
		SolutionGuid = {BE658FED-F303-41E4-9DF7-F638F33538EE}
	EndGlobalSection
EndGlobal
